
Microsoft Visual Studio Solution File, Format Version 12.00
# Visual Studio 14
VisualStudioVersion = 14.0.23107.0
MinimumVisualStudioVersion = 10.0.40219.1
Project("{FAE04EC0-301F-11D3-BF4B-00C04F79EFBC}") = "Powershell_Logging", "Powershell_Logging\Powershell_Logging.csproj", "{F6A22259-0925-4DB7-B271-6441698A296E}"
EndProject
Project("{FAE04EC0-301F-11D3-BF4B-00C04F79EFBC}") = "ReadPSLog", "ReadPSLog\ReadPSLog.csproj", "{138469B3-1527-4C45-B890-6E22E608D0F7}"
	ProjectSection(ProjectDependencies) = postProject
		{F6A22259-0925-4DB7-B271-6441698A296E} = {F6A22259-0925-4DB7-B271-6441698A296E}
	EndProjectSection
EndProject
Global
	GlobalSection(SolutionConfigurationPlatforms) = preSolution
		Debug|Any CPU = Debug|Any CPU
		Release|Any CPU = Release|Any CPU
	EndGlobalSection
	GlobalSection(ProjectConfigurationPlatforms) = postSolution
		{F6A22259-0925-4DB7-B271-6441698A296E}.Debug|Any CPU.ActiveCfg = Debug|Any CPU
		{F6A22259-0925-4DB7-B271-6441698A296E}.Debug|Any CPU.Build.0 = Debug|Any CPU
		{F6A22259-0925-4DB7-B271-6441698A296E}.Release|Any CPU.ActiveCfg = Release|Any CPU
		{F6A22259-0925-4DB7-B271-6441698A296E}.Release|Any CPU.Build.0 = Release|Any CPU
		{138469B3-1527-4C45-B890-6E22E608D0F7}.Debug|Any CPU.ActiveCfg = Debug|Any CPU
		{138469B3-1527-4C45-B890-6E22E608D0F7}.Debug|Any CPU.Build.0 = Debug|Any CPU
		{138469B3-1527-4C45-B890-6E22E608D0F7}.Release|Any CPU.ActiveCfg = Release|Any CPU
		{138469B3-1527-4C45-B890-6E22E608D0F7}.Release|Any CPU.Build.0 = Release|Any CPU
	EndGlobalSection
	GlobalSection(SolutionProperties) = preSolution
		HideSolutionNode = FALSE
	EndGlobalSection
EndGlobal
